
Microsoft Visual Studio Solution File, Format Version 12.00
Project("{2150E333-8FDC-42A3-9474-1A3956D46DE8}") = "src", "src", "{E8DC804E-F293-4621-8C9C-00FE2AC60E73}"
EndProject
Project("{2150E333-8FDC-42A3-9474-1A3956D46DE8}") = "Core", "Core", "{E59EEE16-9733-4E77-B7EC-7EBC4D998D9C}"
EndProject
Project("{2150E333-8FDC-42A3-9474-1A3956D46DE8}") = "Infrastructure", "Infrastructure", "{701BCF8C-C778-4717-8CC6-FA8B91895EBE}"
EndProject
Project("{2150E333-8FDC-42A3-9474-1A3956D46DE8}") = "Api", "Api", "{4C714F5A-B270-479D-9132-CFB0D630B03F}"
EndProject
Project("{FAE04EC0-301F-11D3-BF4B-00C04F79EFBC}") = "Menterview.Api", "Menterview.Api\Menterview.Api.csproj", "{622171F7-867E-4649-ACE3-8537F06C834E}"
EndProject
Project("{2150E333-8FDC-42A3-9474-1A3956D46DE8}") = "Solution Items", "Solution Items", "{011FCE2F-4C51-44C6-A518-DC3D4EB55AF5}"
	ProjectSection(SolutionItems) = preProject
		compose.yaml = compose.yaml
	EndProjectSection
EndProject
Project("{FAE04EC0-301F-11D3-BF4B-00C04F79EFBC}") = "Menterview.Domain", "Menterview.Domain\Menterview.Domain.csproj", "{D47AC43F-C2DD-468E-B468-638707E2CFF4}"
EndProject
Project("{FAE04EC0-301F-11D3-BF4B-00C04F79EFBC}") = "Menterview.Application", "Menterview.Application\Menterview.Application.csproj", "{486E66C3-DBE3-44EC-B2E8-8C7D43B264ED}"
EndProject
Project("{FAE04EC0-301F-11D3-BF4B-00C04F79EFBC}") = "Menterview.Persistence", "Menterview.Persistence\Menterview.Persistence.csproj", "{DD4D1106-B72E-47AB-822A-1A86E411FE07}"
EndProject
Project("{FAE04EC0-301F-11D3-BF4B-00C04F79EFBC}") = "Menterview.Identity", "Menterview.Identity\Menterview.Identity.csproj", "{74019928-C4A4-43A9-94DC-0E2486DF3A47}"
EndProject
Project("{FAE04EC0-301F-11D3-BF4B-00C04F79EFBC}") = "Menterview.Infrastructure", "Menterview.Infrastructure\Menterview.Infrastructure.csproj", "{812B06D9-D708-4E08-9DF6-EE62B830548B}"
EndProject
Global
	GlobalSection(SolutionConfigurationPlatforms) = preSolution
		Debug|Any CPU = Debug|Any CPU
		Release|Any CPU = Release|Any CPU
	EndGlobalSection
	GlobalSection(NestedProjects) = preSolution
		{E59EEE16-9733-4E77-B7EC-7EBC4D998D9C} = {E8DC804E-F293-4621-8C9C-00FE2AC60E73}
		{701BCF8C-C778-4717-8CC6-FA8B91895EBE} = {E8DC804E-F293-4621-8C9C-00FE2AC60E73}
		{4C714F5A-B270-479D-9132-CFB0D630B03F} = {E8DC804E-F293-4621-8C9C-00FE2AC60E73}
		{622171F7-867E-4649-ACE3-8537F06C834E} = {4C714F5A-B270-479D-9132-CFB0D630B03F}
		{D47AC43F-C2DD-468E-B468-638707E2CFF4} = {E59EEE16-9733-4E77-B7EC-7EBC4D998D9C}
		{486E66C3-DBE3-44EC-B2E8-8C7D43B264ED} = {E59EEE16-9733-4E77-B7EC-7EBC4D998D9C}
		{DD4D1106-B72E-47AB-822A-1A86E411FE07} = {701BCF8C-C778-4717-8CC6-FA8B91895EBE}
		{74019928-C4A4-43A9-94DC-0E2486DF3A47} = {701BCF8C-C778-4717-8CC6-FA8B91895EBE}
		{812B06D9-D708-4E08-9DF6-EE62B830548B} = {701BCF8C-C778-4717-8CC6-FA8B91895EBE}
	EndGlobalSection
	GlobalSection(ProjectConfigurationPlatforms) = postSolution
		{622171F7-867E-4649-ACE3-8537F06C834E}.Debug|Any CPU.ActiveCfg = Debug|Any CPU
		{622171F7-867E-4649-ACE3-8537F06C834E}.Debug|Any CPU.Build.0 = Debug|Any CPU
		{622171F7-867E-4649-ACE3-8537F06C834E}.Release|Any CPU.ActiveCfg = Release|Any CPU
		{622171F7-867E-4649-ACE3-8537F06C834E}.Release|Any CPU.Build.0 = Release|Any CPU
		{D47AC43F-C2DD-468E-B468-638707E2CFF4}.Debug|Any CPU.ActiveCfg = Debug|Any CPU
		{D47AC43F-C2DD-468E-B468-638707E2CFF4}.Debug|Any CPU.Build.0 = Debug|Any CPU
		{D47AC43F-C2DD-468E-B468-638707E2CFF4}.Release|Any CPU.ActiveCfg = Release|Any CPU
		{D47AC43F-C2DD-468E-B468-638707E2CFF4}.Release|Any CPU.Build.0 = Release|Any CPU
		{486E66C3-DBE3-44EC-B2E8-8C7D43B264ED}.Debug|Any CPU.ActiveCfg = Debug|Any CPU
		{486E66C3-DBE3-44EC-B2E8-8C7D43B264ED}.Debug|Any CPU.Build.0 = Debug|Any CPU
		{486E66C3-DBE3-44EC-B2E8-8C7D43B264ED}.Release|Any CPU.ActiveCfg = Release|Any CPU
		{486E66C3-DBE3-44EC-B2E8-8C7D43B264ED}.Release|Any CPU.Build.0 = Release|Any CPU
		{DD4D1106-B72E-47AB-822A-1A86E411FE07}.Debug|Any CPU.ActiveCfg = Debug|Any CPU
		{DD4D1106-B72E-47AB-822A-1A86E411FE07}.Debug|Any CPU.Build.0 = Debug|Any CPU
		{DD4D1106-B72E-47AB-822A-1A86E411FE07}.Release|Any CPU.ActiveCfg = Release|Any CPU
		{DD4D1106-B72E-47AB-822A-1A86E411FE07}.Release|Any CPU.Build.0 = Release|Any CPU
		{74019928-C4A4-43A9-94DC-0E2486DF3A47}.Debug|Any CPU.ActiveCfg = Debug|Any CPU
		{74019928-C4A4-43A9-94DC-0E2486DF3A47}.Debug|Any CPU.Build.0 = Debug|Any CPU
		{74019928-C4A4-43A9-94DC-0E2486DF3A47}.Release|Any CPU.ActiveCfg = Release|Any CPU
		{74019928-C4A4-43A9-94DC-0E2486DF3A47}.Release|Any CPU.Build.0 = Release|Any CPU
		{812B06D9-D708-4E08-9DF6-EE62B830548B}.Debug|Any CPU.ActiveCfg = Debug|Any CPU
		{812B06D9-D708-4E08-9DF6-EE62B830548B}.Debug|Any CPU.Build.0 = Debug|Any CPU
		{812B06D9-D708-4E08-9DF6-EE62B830548B}.Release|Any CPU.ActiveCfg = Release|Any CPU
		{812B06D9-D708-4E08-9DF6-EE62B830548B}.Release|Any CPU.Build.0 = Release|Any CPU
	EndGlobalSection
EndGlobal
